<?xml version="1.0" encoding="utf-8"?>
<Project ToolsVersion="4.0" xmlns="http://schemas.microsoft.com/developer/msbuild/2003">
  <ItemGroup>
    <Filter Include="Lib">
      <UniqueIdentifier>{1C04880B-880D-887C-1189-9E7C7D91937C}</UniqueIdentifier>
    </Filter>
    <Filter Include="Lib\include">
      <UniqueIdentifier>{8F8775BD-FB3C-EEB2-8431-E889F0E5E4B6}</UniqueIdentifier>
    </Filter>
    <Filter Include="Source">
      <UniqueIdentifier>{56EB95D1-428D-C0A7-2B48-D4FB178947F8}</UniqueIdentifier>
    </Filter>
    <Filter Include="Source\math">
      <UniqueIdentifier>{0F622C0F-7B17-A504-040C-9FDB70C09B08}</UniqueIdentifier>
    </Filter>
    <Filter Include="Source\music">
      <UniqueIdentifier>{C697C3F4-B2FA-5299-5B80-8B4F47C21E1C}</UniqueIdentifier>
    </Filter>
    <Filter Include="Source\shaders">
      <UniqueIdentifier>{4F9E4AE2-3B6C-3EE8-2400-AF0E106D1A4D}</UniqueIdentifier>
    </Filter>
  </ItemGroup>
  <ItemGroup>
    <None Include="..\..\Source\music\4klang.windows.lib">
      <Filter>Source\music</Filter>
    </None>
    <None Include="..\..\Source\music\soundtrack.v2m">
      <Filter>Source\music</Filter>
    </None>
  </ItemGroup>
  <ItemGroup>
    <ClInclude Include="..\..\Lib\include\libv2.h">
      <Filter>Lib\include</Filter>
    </ClInclude>
    <ClInclude Include="..\..\Lib\include\v2mplayer.h">
      <Filter>Lib\include</Filter>
    </ClInclude>
    <ClInclude Include="..\..\Source\AmbientLight.h">
      <Filter>Source</Filter>
    </ClInclude>
    <ClInclude Include="..\..\Source\BRDFIntegratorSource.h">
      <Filter>Source</Filter>
    </ClInclude>
    <ClInclude Include="..\..\Source\BRDFLut.h">
      <Filter>Source</Filter>
    </ClInclude>
    <ClInclude Include="..\..\Source\Constants.h">
      <Filter>Source</Filter>
    </ClInclude>
    <ClInclude Include="..\..\Source\DataInterpolator.h">
      <Filter>Source</Filter>
    </ClInclude>
    <ClInclude Include="..\..\Source\DiffuseFilterSource.h">
      <Filter>Source</Filter>
    </ClInclude>
    <ClInclude Include="..\..\Source\EnvironmentMap.h">
      <Filter>Source</Filter>
    </ClInclude>
    <ClInclude Include="..\..\Source\Framebuffer.h">
      <Filter>Source</Filter>
    </ClInclude>
    <ClInclude Include="..\..\Source\Frontend.h">
      <Filter>Source</Filter>
    </ClInclude>
    <ClInclude Include="..\..\Source\Scene.h">
      <Filter>Source</Filter>
    </ClInclude>
    <ClInclude Include="..\..\Source\Sequence.h">
      <Filter>Source</Filter>
    </ClInclude>
    <ClInclude Include="..\..\Source\Shader.h">
      <Filter>Source</Filter>
    </ClInclude>
    <ClInclude Include="..\..\Source\SpecularFilterSource.h">
      <Filter>Source</Filter>
    </ClInclude>
    <ClInclude Include="..\..\Source\Uniform.h">
      <Filter>Source</Filter>
    </ClInclude>
    <ClInclude Include="..\..\Source\gl_identifiers.h">
      <Filter>Source</Filter>
    </ClInclude>
    <ClInclude Include="..\..\Source\glcorearb.h">
      <Filter>Source</Filter>
    </ClInclude>
    <ClInclude Include="..\..\Source\math\quat.h">
      <Filter>Source\math</Filter>
    </ClInclude>
    <ClInclude Include="..\..\Source\math\scalar.h">
      <Filter>Source\math</Filter>
    </ClInclude>
    <ClInclude Include="..\..\Source\math\stdmath.h">
      <Filter>Source\math</Filter>
    </ClInclude>
    <ClInclude Include="..\..\Source\math\vec2.h">
      <Filter>Source\math</Filter>
    </ClInclude>
    <ClInclude Include="..\..\Source\math\vec3.h">
      <Filter>Source\math</Filter>
    </ClInclude>
    <ClInclude Include="..\..\Source\math\vec4.h">
      <Filter>Source\math</Filter>
    </ClInclude>
    <ClInclude Include="..\..\Source\music\4klang.windows.h">
      <Filter>Source\music</Filter>
    </ClInclude>
    <ClInclude Include="..\..\Source\shaders\ao.h">
      <Filter>Source\shaders</Filter>
    </ClInclude>
    <ClInclude Include="..\..\Source\shaders\ao_blend.h">
      <Filter>Source\shaders</Filter>
    </ClInclude>
    <ClInclude Include="..\..\Source\shaders\ao_blur_h.h">
      <Filter>Source\shaders</Filter>
    </ClInclude>
    <ClInclude Include="..\..\Source\shaders\ao_blur_v.h">
      <Filter>Source\shaders</Filter>
    </ClInclude>
    <ClInclude Include="..\..\Source\shaders\bloom_down_1st.h">
      <Filter>Source\shaders</Filter>
    </ClInclude>
    <ClInclude Include="..\..\Source\shaders\bloom_down_2nd.h">
      <Filter>Source\shaders</Filter>
    </ClInclude>
    <ClInclude Include="..\..\Source\shaders\bloom_down_3rd.h">
      <Filter>Source\shaders</Filter>
    </ClInclude>
    <ClInclude Include="..\..\Source\shaders\bloom_down_4th.h">
      <Filter>Source\shaders</Filter>
    </ClInclude>
    <ClInclude Include="..\..\Source\shaders\bloom_down_5th.h">
      <Filter>Source\shaders</Filter>
    </ClInclude>
    <ClInclude Include="..\..\Source\shaders\bloom_down_6th.h">
      <Filter>Source\shaders</Filter>
    </ClInclude>
    <ClInclude Include="..\..\Source\shaders\bloom_down_7th.h">
      <Filter>Source\shaders</Filter>
    </ClInclude>
    <ClInclude Include="..\..\Source\shaders\bloom_up_1st.h">
      <Filter>Source\shaders</Filter>
    </ClInclude>
    <ClInclude Include="..\..\Source\shaders\bloom_up_2nd.h">
      <Filter>Source\shaders</Filter>
    </ClInclude>
    <ClInclude Include="..\..\Source\shaders\bloom_up_3rd.h">
      <Filter>Source\shaders</Filter>
    </ClInclude>
    <ClInclude Include="..\..\Source\shaders\bloom_up_4th.h">
      <Filter>Source\shaders</Filter>
    </ClInclude>
    <ClInclude Include="..\..\Source\shaders\bloom_up_5th.h">
      <Filter>Source\shaders</Filter>
    </ClInclude>
    <ClInclude Include="..\..\Source\shaders\bloom_up_6th.h">
      <Filter>Source\shaders</Filter>
    </ClInclude>
    <ClInclude Include="..\..\Source\shaders\bloom_up_7th.h">
      <Filter>Source\shaders</Filter>
    </ClInclude>
    <ClInclude Include="..\..\Source\shaders\bloom_up_final.h">
      <Filter>Source\shaders</Filter>
    </ClInclude>
    <ClInclude Include="..\..\Source\shaders\final.h">
      <Filter>Source\shaders</Filter>
    </ClInclude>
    <ClInclude Include="..\..\Source\shaders\glumanda.h">
      <Filter>Source\shaders</Filter>
    </ClInclude>
    <ClInclude Include="..\..\Source\shaders\glumanda_environment.h">
      <Filter>Source\shaders</Filter>
    </ClInclude>
    <ClInclude Include="..\..\Source\shaders\karpador.h">
      <Filter>Source\shaders</Filter>
    </ClInclude>
    <ClInclude Include="..\..\Source\shaders\karpador_environment.h">
      <Filter>Source\shaders</Filter>
    </ClInclude>
    <ClInclude Include="..\..\Source\shaders\kleinstein.h">
      <Filter>Source\shaders</Filter>
    </ClInclude>
    <ClInclude Include="..\..\Source\shaders\kleinstein_environment.h">
      <Filter>Source\shaders</Filter>
    </ClInclude>
    <ClInclude Include="..\..\Source\shaders\ladebalken.h">
      <Filter>Source\shaders</Filter>
    </ClInclude>
    <ClInclude Include="..\..\Source\shaders\output.h">
      <Filter>Source\shaders</Filter>
    </ClInclude>
    <ClInclude Include="..\..\Source\shaders\relaxo.h">
      <Filter>Source\shaders</Filter>
    </ClInclude>
    <ClInclude Include="..\..\Source\shaders\relaxo_environment.h">
      <Filter>Source\shaders</Filter>
    </ClInclude>
    <ClInclude Include="..\..\Source\shaders\remove_fireflies.h">
      <Filter>Source\shaders</Filter>
    </ClInclude>
    <ClInclude Include="..\..\Source\shaders\scale.h">
      <Filter>Source\shaders</Filter>
    </ClInclude>
    <ClInclude Include="..\..\Source\stdlib.h">
      <Filter>Source</Filter>
    </ClInclude>
    <ClInclude Include="..\..\Source\strahlenwerk_export.h">
      <Filter>Source</Filter>
    </ClInclude>
    <ClInclude Include="..\..\Source\strahlenwerk_export_interface.h">
      <Filter>Source</Filter>
    </ClInclude>
  </ItemGroup>
  <ItemGroup>
    <ClCompile Include="..\..\Lib\include\v2mplayer.cpp">
      <Filter>Lib\include</Filter>
    </ClCompile>
    <ClCompile Include="..\..\Source\AmbientLight.cpp">
      <Filter>Source</Filter>
    </ClCompile>
    <ClCompile Include="..\..\Source\BRDFLut.cpp">
      <Filter>Source</Filter>
    </ClCompile>
    <ClCompile Include="..\..\Source\DataInterpolator.cpp">
      <Filter>Source</Filter>
    </ClCompile>
    <ClCompile Include="..\..\Source\EnvironmentMap.cpp">
      <Filter>Source</Filter>
    </ClCompile>
    <ClCompile Include="..\..\Source\Framebuffer.cpp">
      <Filter>Source</Filter>
    </ClCompile>
    <ClCompile Include="..\..\Source\LinuxFrontend.cpp">
      <Filter>Source</Filter>
    </ClCompile>
    <ClCompile Include="..\..\Source\Shader.cpp">
      <Filter>Source</Filter>
    </ClCompile>
    <ClCompile Include="..\..\Source\WindowsFrontend.cpp">
      <Filter>Source</Filter>
    </ClCompile>
    <ClCompile Include="..\..\Source\main.cpp">
      <Filter>Source</Filter>
    </ClCompile>
    <ClCompile Include="..\..\Source\math\quat.cpp">
      <Filter>Source\math</Filter>
    </ClCompile>
    <ClCompile Include="..\..\Source\math\scalar.cpp">
      <Filter>Source\math</Filter>
    </ClCompile>
    <ClCompile Include="..\..\Source\math\stdmath.cpp">
      <Filter>Source\math</Filter>
    </ClCompile>
    <ClCompile Include="..\..\Source\math\vec2.cpp">
      <Filter>Source\math</Filter>
    </ClCompile>
    <ClCompile Include="..\..\Source\math\vec3.cpp">
      <Filter>Source\math</Filter>
    </ClCompile>
    <ClCompile Include="..\..\Source\math\vec4.cpp">
      <Filter>Source\math</Filter>
    </ClCompile>
    <ClCompile Include="..\..\Source\stdlib.cpp">
      <Filter>Source</Filter>
    </ClCompile>
  </ItemGroup>
  <ItemGroup>
    <CustomBuild Include="..\..\Source\music\v2inc.asm">
      <Filter>Source\music</Filter>
    </CustomBuild>
  </ItemGroup>
</Project>